
Microsoft Visual Studio Solution File, Format Version 10.00
# Visual C# Express 2008
Project("{FAE04EC0-301F-11D3-BF4B-00C04F79EFBC}") = "Rebus", "Rebus\Rebus.csproj", "{4645CA76-019D-4CE8-892B-5CB2502049F6}"
EndProject
Project("{FAE04EC0-301F-11D3-BF4B-00C04F79EFBC}") = "RebusLib", "RebusLib\RebusLib.csproj", "{676200EE-356D-4FA5-9E8C-4BF59A64E38D}"
EndProject
Project("{FAE04EC0-301F-11D3-BF4B-00C04F79EFBC}") = "RebusTest", "RebusTest\RebusTest.csproj", "{26196B61-12C1-4E0D-88C3-3F1D5116617D}"
EndProject
Global
	GlobalSection(SolutionConfigurationPlatforms) = preSolution
		Debug|Any CPU = Debug|Any CPU
		Release|Any CPU = Release|Any CPU
	EndGlobalSection
	GlobalSection(ProjectConfigurationPlatforms) = postSolution
		{4645CA76-019D-4CE8-892B-5CB2502049F6}.Debug|Any CPU.ActiveCfg = Debug|Any CPU
		{4645CA76-019D-4CE8-892B-5CB2502049F6}.Debug|Any CPU.Build.0 = Debug|Any CPU
		{4645CA76-019D-4CE8-892B-5CB2502049F6}.Release|Any CPU.ActiveCfg = Release|Any CPU
		{4645CA76-019D-4CE8-892B-5CB2502049F6}.Release|Any CPU.Build.0 = Release|Any CPU
		{676200EE-356D-4FA5-9E8C-4BF59A64E38D}.Debug|Any CPU.ActiveCfg = Debug|Any CPU
		{676200EE-356D-4FA5-9E8C-4BF59A64E38D}.Debug|Any CPU.Build.0 = Debug|Any CPU
		{676200EE-356D-4FA5-9E8C-4BF59A64E38D}.Release|Any CPU.ActiveCfg = Release|Any CPU
		{676200EE-356D-4FA5-9E8C-4BF59A64E38D}.Release|Any CPU.Build.0 = Release|Any CPU
		{26196B61-12C1-4E0D-88C3-3F1D5116617D}.Debug|Any CPU.ActiveCfg = Debug|Any CPU
		{26196B61-12C1-4E0D-88C3-3F1D5116617D}.Debug|Any CPU.Build.0 = Debug|Any CPU
		{26196B61-12C1-4E0D-88C3-3F1D5116617D}.Release|Any CPU.ActiveCfg = Release|Any CPU
		{26196B61-12C1-4E0D-88C3-3F1D5116617D}.Release|Any CPU.Build.0 = Release|Any CPU
	EndGlobalSection
	GlobalSection(SolutionProperties) = preSolution
		HideSolutionNode = FALSE
	EndGlobalSection
EndGlobal
